
Microsoft Visual Studio Solution File, Format Version 12.00
# Visual Studio Version 16
VisualStudioVersion = 16.0.31112.23
MinimumVisualStudioVersion = 10.0.40219.1
Project("{FAE04EC0-301F-11D3-BF4B-00C04F79EFBC}") = "MyApp1", "MyApp1\MyApp1.csproj", "{4570986B-C778-4408-9189-1425102B0238}"
EndProject
Project("{FAE04EC0-301F-11D3-BF4B-00C04F79EFBC}") = "Project", "Project\Project.csproj", "{6B36089E-BC03-46CE-BDAE-647779A69187}"
EndProject
Project("{FAE04EC0-301F-11D3-BF4B-00C04F79EFBC}") = "Lesson13", "Lesson13\Lesson13.csproj", "{DD9FFCAC-D970-4410-91BC-23C81F89B782}"
EndProject
Project("{FAE04EC0-301F-11D3-BF4B-00C04F79EFBC}") = "Lesson14", "Lesson14\Lesson14.csproj", "{618F02BF-A59B-4FE1-8508-026188651358}"
EndProject
Project("{FAE04EC0-301F-11D3-BF4B-00C04F79EFBC}") = "Lesson15", "Lesson15\Lesson15.csproj", "{144DC902-C720-4F81-8B4C-111146875429}"
EndProject
Project("{FAE04EC0-301F-11D3-BF4B-00C04F79EFBC}") = "lesson16", "lesson16\lesson16.csproj", "{552DB1BE-C1CB-4264-AF6A-9C8947029319}"
EndProject
Project("{FAE04EC0-301F-11D3-BF4B-00C04F79EFBC}") = "lesson17", "lesson17\lesson17.csproj", "{D779079D-6B91-42CD-B905-711AA04AA8E7}"
EndProject
Project("{FAE04EC0-301F-11D3-BF4B-00C04F79EFBC}") = "lesson18", "lesson18\lesson18.csproj", "{67C9D4BB-7A2F-48D9-9999-7B931D28D1AE}"
EndProject
Project("{FAE04EC0-301F-11D3-BF4B-00C04F79EFBC}") = "lesson19", "lesson19\lesson19.csproj", "{B89B7A94-4011-4509-AC5D-669C6BAB753A}"
EndProject
Project("{9A19103F-16F7-4668-BE54-9A1E7A4F7556}") = "Lesson20", "Lesson20\Lesson20.csproj", "{EA82818F-3018-4E54-8EC2-DB93290A8174}"
EndProject
Project("{9A19103F-16F7-4668-BE54-9A1E7A4F7556}") = "Lesson21", "Lesson21\Lesson21.csproj", "{184949E2-0D98-4D4B-BB71-BE5D4BA32514}"
EndProject
Project("{9A19103F-16F7-4668-BE54-9A1E7A4F7556}") = "Lesson22", "Lesson22\Lesson22.csproj", "{0CAEFEA4-5A43-4F1B-B65E-4B7AE3322B11}"
EndProject
Project("{9A19103F-16F7-4668-BE54-9A1E7A4F7556}") = "Lesson22_home", "Lesson22_home\Lesson22_home.csproj", "{EA88E0AC-EB04-4699-9773-87C140FF3745}"
EndProject
Project("{9A19103F-16F7-4668-BE54-9A1E7A4F7556}") = "Lesson23", "Lesson23\Lesson23.csproj", "{7279F623-2B7C-41BA-8D3E-06CF25BE4FA9}"
EndProject
Project("{9A19103F-16F7-4668-BE54-9A1E7A4F7556}") = "Lesson24", "Lesson24\Lesson24.csproj", "{59D4A716-777A-4435-A3F0-480C18A1E6A5}"
EndProject
Project("{9A19103F-16F7-4668-BE54-9A1E7A4F7556}") = "Lesson25", "Lesson25\Lesson25.csproj", "{2D39DE46-82BD-40C1-A1DB-6EF6AFACF50F}"
EndProject
Project("{9A19103F-16F7-4668-BE54-9A1E7A4F7556}") = "Lesson26", "Lesson26\Lesson26.csproj", "{8D171DFB-D0A2-4BC9-AD69-105C8774BBF5}"
EndProject
Project("{9A19103F-16F7-4668-BE54-9A1E7A4F7556}") = "Lesson26_home", "Lesson26_home\Lesson26_home.csproj", "{72FA29F1-1362-4D25-B471-FF905E06E7CC}"
EndProject
Project("{9A19103F-16F7-4668-BE54-9A1E7A4F7556}") = "Lesson27", "Lesson27\Lesson27.csproj", "{AB5BC8F3-8573-47BA-A2A8-9532B8406F2F}"
EndProject
Project("{9A19103F-16F7-4668-BE54-9A1E7A4F7556}") = "Lesson28", "Lesson28\Lesson28.csproj", "{12B8AA0C-D054-4DFA-972B-0987A9667063}"
EndProject
Project("{9A19103F-16F7-4668-BE54-9A1E7A4F7556}") = "Lesson29", "Lesson29\Lesson29.csproj", "{F4828B00-FBC5-483E-ACB9-19391E3078AA}"
EndProject
Project("{9A19103F-16F7-4668-BE54-9A1E7A4F7556}") = "Lesson30", "Lesson30\Lesson30.csproj", "{12F10727-1FD8-46EF-86C4-4FCA7E8EC088}"
EndProject
Project("{9A19103F-16F7-4668-BE54-9A1E7A4F7556}") = "Lesson31", "Lesson31\Lesson31.csproj", "{8101D13D-7D59-499A-AEB8-3D29F51D6BC0}"
EndProject
Project("{9A19103F-16F7-4668-BE54-9A1E7A4F7556}") = "Lesson32", "Lesson32\Lesson32.csproj", "{ED3CCC64-7A5C-408F-8327-BAA30B651A6C}"
EndProject
Project("{9A19103F-16F7-4668-BE54-9A1E7A4F7556}") = "Lesson33", "Lesson33\Lesson33.csproj", "{7493AAAC-FA72-478D-8C19-0F14CA91E6ED}"
EndProject
Project("{9A19103F-16F7-4668-BE54-9A1E7A4F7556}") = "Lesson34", "Lesson34\Lesson34.csproj", "{3FA62CBC-0A52-465D-AE70-D3E05AE67B2A}"
EndProject
Project("{9A19103F-16F7-4668-BE54-9A1E7A4F7556}") = "Lesson35", "Lesson35\Lesson35.csproj", "{23ED7457-C870-4598-99FA-E251F6ED97D8}"
EndProject
Project("{9A19103F-16F7-4668-BE54-9A1E7A4F7556}") = "Lesson35_home", "Lesson35_home\Lesson35_home.csproj", "{3877C4DF-45C7-47EC-88A8-EF3987416A91}"
EndProject
Project("{9A19103F-16F7-4668-BE54-9A1E7A4F7556}") = "Lesson36", "Lesson36\Lesson36.csproj", "{87B41A24-F7DB-414E-AA32-D7B67CD9C4E6}"
EndProject
Project("{9A19103F-16F7-4668-BE54-9A1E7A4F7556}") = "Lesson37", "Lesson37\Lesson37.csproj", "{8D8E565A-E5BC-4D9D-A299-B75E57EBF5AE}"
EndProject
Project("{9A19103F-16F7-4668-BE54-9A1E7A4F7556}") = "lesson38", "lesson38\lesson38.csproj", "{BBA3CC35-A86D-4E9D-A7DF-8BC1CADCE714}"
EndProject
Project("{9A19103F-16F7-4668-BE54-9A1E7A4F7556}") = "Lesson39", "Lesson39\Lesson39.csproj", "{D38BBD89-9F9F-4D31-B832-7F6DDAC415BD}"
EndProject
Project("{9A19103F-16F7-4668-BE54-9A1E7A4F7556}") = "Lesson40", "Lesson40\Lesson40.csproj", "{B49DAB79-9202-466F-B378-2892A9CAB00B}"
EndProject
Project("{9A19103F-16F7-4668-BE54-9A1E7A4F7556}") = "Lesson41", "Lesson41\Lesson41.csproj", "{E0A0CCE7-2837-4F16-AAB6-8DB31E9B4EBA}"
EndProject
Project("{9A19103F-16F7-4668-BE54-9A1E7A4F7556}") = "Lesson42", "Lesson42\Lesson42.csproj", "{22DD5B28-F5E9-4966-8913-AF3E9FC379CD}"
EndProject
Project("{9A19103F-16F7-4668-BE54-9A1E7A4F7556}") = "Lesson43", "Lesson43\Lesson43.csproj", "{71085BEE-25A0-43C4-B4DF-08A1C62E5EE4}"
EndProject
Project("{9A19103F-16F7-4668-BE54-9A1E7A4F7556}") = "Lesson43Home", "Lesson43Home\Lesson43Home.csproj", "{D7EA2764-7260-48C0-BCC8-44EEC5745845}"
EndProject
Project("{9A19103F-16F7-4668-BE54-9A1E7A4F7556}") = "LEsson43Home1", "LEsson43Home1\LEsson43Home1.csproj", "{71D840FF-D703-4D9C-BDF4-1DCB70216F83}"
EndProject
Project("{9A19103F-16F7-4668-BE54-9A1E7A4F7556}") = "Lesson43Home2", "Lesson43Home2\Lesson43Home2.csproj", "{E89C0E96-A1E0-4AD7-904A-A66A250D3B40}"
EndProject
Project("{9A19103F-16F7-4668-BE54-9A1E7A4F7556}") = "Lesson44", "Lesson44\Lesson44.csproj", "{05654D48-3FDB-4557-807A-BA08E1078FB2}"
EndProject
Project("{9A19103F-16F7-4668-BE54-9A1E7A4F7556}") = "Lesson45", "Lesson45\Lesson45.csproj", "{0B0F4252-51A8-4A5D-9969-9FBB37310FC0}"
EndProject
Project("{9A19103F-16F7-4668-BE54-9A1E7A4F7556}") = "Lesson46", "Lesson46\Lesson46.csproj", "{54083B04-D474-49AA-8385-F4EB1F09998D}"
EndProject
Project("{9A19103F-16F7-4668-BE54-9A1E7A4F7556}") = "Lesson47", "Lesson47\Lesson47.csproj", "{A84751D4-F825-4E7E-AF6A-A166370FE66A}"
EndProject
Project("{9A19103F-16F7-4668-BE54-9A1E7A4F7556}") = "Lesson48", "Lesson48\Lesson48.csproj", "{45F07B16-50AB-418B-AAC8-60C0FE0866E7}"
EndProject
Project("{9A19103F-16F7-4668-BE54-9A1E7A4F7556}") = "Lesson49", "Lesson49\Lesson49.csproj", "{A0390464-A10E-4872-A427-6145B180C0C2}"
EndProject
Project("{9A19103F-16F7-4668-BE54-9A1E7A4F7556}") = "Home15", "Home15\Home15.csproj", "{263D84D7-D11B-446D-B39A-0C2932625E3A}"
EndProject
Project("{9A19103F-16F7-4668-BE54-9A1E7A4F7556}") = "Home16", "Home16\Home16.csproj", "{EF0A36C9-C0E4-4E13-A8EF-B9614650FD9F}"
EndProject
Project("{9A19103F-16F7-4668-BE54-9A1E7A4F7556}") = "Home17", "Home17\Home17.csproj", "{4D9EF1A7-0B5B-4072-94F6-800FB1B4E291}"
EndProject
Project("{9A19103F-16F7-4668-BE54-9A1E7A4F7556}") = "Lesson50", "Lesson50\Lesson50.csproj", "{736CD8CA-2CDD-4487-AA50-2733A94B6737}"
EndProject
Project("{9A19103F-16F7-4668-BE54-9A1E7A4F7556}") = "LEsson51", "LEsson51\LEsson51.csproj", "{F66F3DBE-0619-4E7F-82DF-3295257F2917}"
EndProject
Project("{FAE04EC0-301F-11D3-BF4B-00C04F79EFBC}") = "Lesson52", "Lesson52\Lesson52.csproj", "{F8066103-820F-4C23-8F93-5EB8BF3AD2EE}"
EndProject
Project("{FAE04EC0-301F-11D3-BF4B-00C04F79EFBC}") = "Lesson53", "Lesson53\Lesson53.csproj", "{7068127A-4465-438A-9BB2-FDE6BB79E19A}"
EndProject
Project("{FAE04EC0-301F-11D3-BF4B-00C04F79EFBC}") = "lesson54", "lesson54\lesson54.csproj", "{862871A9-B17D-405A-B423-E22FA3550636}"
EndProject
Project("{FAE04EC0-301F-11D3-BF4B-00C04F79EFBC}") = "LEsson55_oop", "LEsson55_oop\LEsson55_oop.csproj", "{77E493A1-1C93-4B5C-AF52-66DBF26B6CE2}"
EndProject
Global
	GlobalSection(SolutionConfigurationPlatforms) = preSolution
		Debug|Any CPU = Debug|Any CPU
		Release|Any CPU = Release|Any CPU
	EndGlobalSection
	GlobalSection(ProjectConfigurationPlatforms) = postSolution
		{4570986B-C778-4408-9189-1425102B0238}.Debug|Any CPU.ActiveCfg = Debug|Any CPU
		{4570986B-C778-4408-9189-1425102B0238}.Debug|Any CPU.Build.0 = Debug|Any CPU
		{4570986B-C778-4408-9189-1425102B0238}.Release|Any CPU.ActiveCfg = Release|Any CPU
		{4570986B-C778-4408-9189-1425102B0238}.Release|Any CPU.Build.0 = Release|Any CPU
		{6B36089E-BC03-46CE-BDAE-647779A69187}.Debug|Any CPU.ActiveCfg = Debug|Any CPU
		{6B36089E-BC03-46CE-BDAE-647779A69187}.Debug|Any CPU.Build.0 = Debug|Any CPU
		{6B36089E-BC03-46CE-BDAE-647779A69187}.Release|Any CPU.ActiveCfg = Release|Any CPU
		{6B36089E-BC03-46CE-BDAE-647779A69187}.Release|Any CPU.Build.0 = Release|Any CPU
		{DD9FFCAC-D970-4410-91BC-23C81F89B782}.Debug|Any CPU.ActiveCfg = Debug|Any CPU
		{DD9FFCAC-D970-4410-91BC-23C81F89B782}.Debug|Any CPU.Build.0 = Debug|Any CPU
		{DD9FFCAC-D970-4410-91BC-23C81F89B782}.Release|Any CPU.ActiveCfg = Release|Any CPU
		{DD9FFCAC-D970-4410-91BC-23C81F89B782}.Release|Any CPU.Build.0 = Release|Any CPU
		{618F02BF-A59B-4FE1-8508-026188651358}.Debug|Any CPU.ActiveCfg = Debug|Any CPU
		{618F02BF-A59B-4FE1-8508-026188651358}.Debug|Any CPU.Build.0 = Debug|Any CPU
		{618F02BF-A59B-4FE1-8508-026188651358}.Release|Any CPU.ActiveCfg = Release|Any CPU
		{618F02BF-A59B-4FE1-8508-026188651358}.Release|Any CPU.Build.0 = Release|Any CPU
		{144DC902-C720-4F81-8B4C-111146875429}.Debug|Any CPU.ActiveCfg = Debug|Any CPU
		{144DC902-C720-4F81-8B4C-111146875429}.Debug|Any CPU.Build.0 = Debug|Any CPU
		{144DC902-C720-4F81-8B4C-111146875429}.Release|Any CPU.ActiveCfg = Release|Any CPU
		{144DC902-C720-4F81-8B4C-111146875429}.Release|Any CPU.Build.0 = Release|Any CPU
		{552DB1BE-C1CB-4264-AF6A-9C8947029319}.Debug|Any CPU.ActiveCfg = Debug|Any CPU
		{552DB1BE-C1CB-4264-AF6A-9C8947029319}.Debug|Any CPU.Build.0 = Debug|Any CPU
		{552DB1BE-C1CB-4264-AF6A-9C8947029319}.Release|Any CPU.ActiveCfg = Release|Any CPU
		{552DB1BE-C1CB-4264-AF6A-9C8947029319}.Release|Any CPU.Build.0 = Release|Any CPU
		{D779079D-6B91-42CD-B905-711AA04AA8E7}.Debug|Any CPU.ActiveCfg = Debug|Any CPU
		{D779079D-6B91-42CD-B905-711AA04AA8E7}.Debug|Any CPU.Build.0 = Debug|Any CPU
		{D779079D-6B91-42CD-B905-711AA04AA8E7}.Release|Any CPU.ActiveCfg = Release|Any CPU
		{D779079D-6B91-42CD-B905-711AA04AA8E7}.Release|Any CPU.Build.0 = Release|Any CPU
		{67C9D4BB-7A2F-48D9-9999-7B931D28D1AE}.Debug|Any CPU.ActiveCfg = Debug|Any CPU
		{67C9D4BB-7A2F-48D9-9999-7B931D28D1AE}.Debug|Any CPU.Build.0 = Debug|Any CPU
		{67C9D4BB-7A2F-48D9-9999-7B931D28D1AE}.Release|Any CPU.ActiveCfg = Release|Any CPU
		{67C9D4BB-7A2F-48D9-9999-7B931D28D1AE}.Release|Any CPU.Build.0 = Release|Any CPU
		{B89B7A94-4011-4509-AC5D-669C6BAB753A}.Debug|Any CPU.ActiveCfg = Debug|Any CPU
		{B89B7A94-4011-4509-AC5D-669C6BAB753A}.Debug|Any CPU.Build.0 = Debug|Any CPU
		{B89B7A94-4011-4509-AC5D-669C6BAB753A}.Release|Any CPU.ActiveCfg = Release|Any CPU
		{B89B7A94-4011-4509-AC5D-669C6BAB753A}.Release|Any CPU.Build.0 = Release|Any CPU
		{EA82818F-3018-4E54-8EC2-DB93290A8174}.Debug|Any CPU.ActiveCfg = Debug|Any CPU
		{EA82818F-3018-4E54-8EC2-DB93290A8174}.Debug|Any CPU.Build.0 = Debug|Any CPU
		{EA82818F-3018-4E54-8EC2-DB93290A8174}.Release|Any CPU.ActiveCfg = Release|Any CPU
		{EA82818F-3018-4E54-8EC2-DB93290A8174}.Release|Any CPU.Build.0 = Release|Any CPU
		{184949E2-0D98-4D4B-BB71-BE5D4BA32514}.Debug|Any CPU.ActiveCfg = Debug|Any CPU
		{184949E2-0D98-4D4B-BB71-BE5D4BA32514}.Debug|Any CPU.Build.0 = Debug|Any CPU
		{184949E2-0D98-4D4B-BB71-BE5D4BA32514}.Release|Any CPU.ActiveCfg = Release|Any CPU
		{184949E2-0D98-4D4B-BB71-BE5D4BA32514}.Release|Any CPU.Build.0 = Release|Any CPU
		{0CAEFEA4-5A43-4F1B-B65E-4B7AE3322B11}.Debug|Any CPU.ActiveCfg = Debug|Any CPU
		{0CAEFEA4-5A43-4F1B-B65E-4B7AE3322B11}.Debug|Any CPU.Build.0 = Debug|Any CPU
		{0CAEFEA4-5A43-4F1B-B65E-4B7AE3322B11}.Release|Any CPU.ActiveCfg = Release|Any CPU
		{0CAEFEA4-5A43-4F1B-B65E-4B7AE3322B11}.Release|Any CPU.Build.0 = Release|Any CPU
		{EA88E0AC-EB04-4699-9773-87C140FF3745}.Debug|Any CPU.ActiveCfg = Debug|Any CPU
		{EA88E0AC-EB04-4699-9773-87C140FF3745}.Debug|Any CPU.Build.0 = Debug|Any CPU
		{EA88E0AC-EB04-4699-9773-87C140FF3745}.Release|Any CPU.ActiveCfg = Release|Any CPU
		{EA88E0AC-EB04-4699-9773-87C140FF3745}.Release|Any CPU.Build.0 = Release|Any CPU
		{7279F623-2B7C-41BA-8D3E-06CF25BE4FA9}.Debug|Any CPU.ActiveCfg = Debug|Any CPU
		{7279F623-2B7C-41BA-8D3E-06CF25BE4FA9}.Debug|Any CPU.Build.0 = Debug|Any CPU
		{7279F623-2B7C-41BA-8D3E-06CF25BE4FA9}.Release|Any CPU.ActiveCfg = Release|Any CPU
		{7279F623-2B7C-41BA-8D3E-06CF25BE4FA9}.Release|Any CPU.Build.0 = Release|Any CPU
		{59D4A716-777A-4435-A3F0-480C18A1E6A5}.Debug|Any CPU.ActiveCfg = Debug|Any CPU
		{59D4A716-777A-4435-A3F0-480C18A1E6A5}.Debug|Any CPU.Build.0 = Debug|Any CPU
		{59D4A716-777A-4435-A3F0-480C18A1E6A5}.Release|Any CPU.ActiveCfg = Release|Any CPU
		{59D4A716-777A-4435-A3F0-480C18A1E6A5}.Release|Any CPU.Build.0 = Release|Any CPU
		{2D39DE46-82BD-40C1-A1DB-6EF6AFACF50F}.Debug|Any CPU.ActiveCfg = Debug|Any CPU
		{2D39DE46-82BD-40C1-A1DB-6EF6AFACF50F}.Debug|Any CPU.Build.0 = Debug|Any CPU
		{2D39DE46-82BD-40C1-A1DB-6EF6AFACF50F}.Release|Any CPU.ActiveCfg = Release|Any CPU
		{2D39DE46-82BD-40C1-A1DB-6EF6AFACF50F}.Release|Any CPU.Build.0 = Release|Any CPU
		{8D171DFB-D0A2-4BC9-AD69-105C8774BBF5}.Debug|Any CPU.ActiveCfg = Debug|Any CPU
		{8D171DFB-D0A2-4BC9-AD69-105C8774BBF5}.Debug|Any CPU.Build.0 = Debug|Any CPU
		{8D171DFB-D0A2-4BC9-AD69-105C8774BBF5}.Release|Any CPU.ActiveCfg = Release|Any CPU
		{8D171DFB-D0A2-4BC9-AD69-105C8774BBF5}.Release|Any CPU.Build.0 = Release|Any CPU
		{72FA29F1-1362-4D25-B471-FF905E06E7CC}.Debug|Any CPU.ActiveCfg = Debug|Any CPU
		{72FA29F1-1362-4D25-B471-FF905E06E7CC}.Debug|Any CPU.Build.0 = Debug|Any CPU
		{72FA29F1-1362-4D25-B471-FF905E06E7CC}.Release|Any CPU.ActiveCfg = Release|Any CPU
		{72FA29F1-1362-4D25-B471-FF905E06E7CC}.Release|Any CPU.Build.0 = Release|Any CPU
		{AB5BC8F3-8573-47BA-A2A8-9532B8406F2F}.Debug|Any CPU.ActiveCfg = Debug|Any CPU
		{AB5BC8F3-8573-47BA-A2A8-9532B8406F2F}.Debug|Any CPU.Build.0 = Debug|Any CPU
		{AB5BC8F3-8573-47BA-A2A8-9532B8406F2F}.Release|Any CPU.ActiveCfg = Release|Any CPU
		{AB5BC8F3-8573-47BA-A2A8-9532B8406F2F}.Release|Any CPU.Build.0 = Release|Any CPU
		{12B8AA0C-D054-4DFA-972B-0987A9667063}.Debug|Any CPU.ActiveCfg = Debug|Any CPU
		{12B8AA0C-D054-4DFA-972B-0987A9667063}.Debug|Any CPU.Build.0 = Debug|Any CPU
		{12B8AA0C-D054-4DFA-972B-0987A9667063}.Release|Any CPU.ActiveCfg = Release|Any CPU
		{12B8AA0C-D054-4DFA-972B-0987A9667063}.Release|Any CPU.Build.0 = Release|Any CPU
		{F4828B00-FBC5-483E-ACB9-19391E3078AA}.Debug|Any CPU.ActiveCfg = Debug|Any CPU
		{F4828B00-FBC5-483E-ACB9-19391E3078AA}.Debug|Any CPU.Build.0 = Debug|Any CPU
		{F4828B00-FBC5-483E-ACB9-19391E3078AA}.Release|Any CPU.ActiveCfg = Release|Any CPU
		{F4828B00-FBC5-483E-ACB9-19391E3078AA}.Release|Any CPU.Build.0 = Release|Any CPU
		{12F10727-1FD8-46EF-86C4-4FCA7E8EC088}.Debug|Any CPU.ActiveCfg = Debug|Any CPU
		{12F10727-1FD8-46EF-86C4-4FCA7E8EC088}.Debug|Any CPU.Build.0 = Debug|Any CPU
		{12F10727-1FD8-46EF-86C4-4FCA7E8EC088}.Release|Any CPU.ActiveCfg = Release|Any CPU
		{12F10727-1FD8-46EF-86C4-4FCA7E8EC088}.Release|Any CPU.Build.0 = Release|Any CPU
		{8101D13D-7D59-499A-AEB8-3D29F51D6BC0}.Debug|Any CPU.ActiveCfg = Debug|Any CPU
		{8101D13D-7D59-499A-AEB8-3D29F51D6BC0}.Debug|Any CPU.Build.0 = Debug|Any CPU
		{8101D13D-7D59-499A-AEB8-3D29F51D6BC0}.Release|Any CPU.ActiveCfg = Release|Any CPU
		{8101D13D-7D59-499A-AEB8-3D29F51D6BC0}.Release|Any CPU.Build.0 = Release|Any CPU
		{ED3CCC64-7A5C-408F-8327-BAA30B651A6C}.Debug|Any CPU.ActiveCfg = Debug|Any CPU
		{ED3CCC64-7A5C-408F-8327-BAA30B651A6C}.Debug|Any CPU.Build.0 = Debug|Any CPU
		{ED3CCC64-7A5C-408F-8327-BAA30B651A6C}.Release|Any CPU.ActiveCfg = Release|Any CPU
		{ED3CCC64-7A5C-408F-8327-BAA30B651A6C}.Release|Any CPU.Build.0 = Release|Any CPU
		{7493AAAC-FA72-478D-8C19-0F14CA91E6ED}.Debug|Any CPU.ActiveCfg = Debug|Any CPU
		{7493AAAC-FA72-478D-8C19-0F14CA91E6ED}.Debug|Any CPU.Build.0 = Debug|Any CPU
		{7493AAAC-FA72-478D-8C19-0F14CA91E6ED}.Release|Any CPU.ActiveCfg = Release|Any CPU
		{7493AAAC-FA72-478D-8C19-0F14CA91E6ED}.Release|Any CPU.Build.0 = Release|Any CPU
		{3FA62CBC-0A52-465D-AE70-D3E05AE67B2A}.Debug|Any CPU.ActiveCfg = Debug|Any CPU
		{3FA62CBC-0A52-465D-AE70-D3E05AE67B2A}.Debug|Any CPU.Build.0 = Debug|Any CPU
		{3FA62CBC-0A52-465D-AE70-D3E05AE67B2A}.Release|Any CPU.ActiveCfg = Release|Any CPU
		{3FA62CBC-0A52-465D-AE70-D3E05AE67B2A}.Release|Any CPU.Build.0 = Release|Any CPU
		{23ED7457-C870-4598-99FA-E251F6ED97D8}.Debug|Any CPU.ActiveCfg = Debug|Any CPU
		{23ED7457-C870-4598-99FA-E251F6ED97D8}.Debug|Any CPU.Build.0 = Debug|Any CPU
		{23ED7457-C870-4598-99FA-E251F6ED97D8}.Release|Any CPU.ActiveCfg = Release|Any CPU
		{23ED7457-C870-4598-99FA-E251F6ED97D8}.Release|Any CPU.Build.0 = Release|Any CPU
		{3877C4DF-45C7-47EC-88A8-EF3987416A91}.Debug|Any CPU.ActiveCfg = Debug|Any CPU
		{3877C4DF-45C7-47EC-88A8-EF3987416A91}.Debug|Any CPU.Build.0 = Debug|Any CPU
		{3877C4DF-45C7-47EC-88A8-EF3987416A91}.Release|Any CPU.ActiveCfg = Release|Any CPU
		{3877C4DF-45C7-47EC-88A8-EF3987416A91}.Release|Any CPU.Build.0 = Release|Any CPU
		{87B41A24-F7DB-414E-AA32-D7B67CD9C4E6}.Debug|Any CPU.ActiveCfg = Debug|Any CPU
		{87B41A24-F7DB-414E-AA32-D7B67CD9C4E6}.Debug|Any CPU.Build.0 = Debug|Any CPU
		{87B41A24-F7DB-414E-AA32-D7B67CD9C4E6}.Release|Any CPU.ActiveCfg = Release|Any CPU
		{87B41A24-F7DB-414E-AA32-D7B67CD9C4E6}.Release|Any CPU.Build.0 = Release|Any CPU
		{8D8E565A-E5BC-4D9D-A299-B75E57EBF5AE}.Debug|Any CPU.ActiveCfg = Debug|Any CPU
		{8D8E565A-E5BC-4D9D-A299-B75E57EBF5AE}.Debug|Any CPU.Build.0 = Debug|Any CPU
		{8D8E565A-E5BC-4D9D-A299-B75E57EBF5AE}.Release|Any CPU.ActiveCfg = Release|Any CPU
		{8D8E565A-E5BC-4D9D-A299-B75E57EBF5AE}.Release|Any CPU.Build.0 = Release|Any CPU
		{BBA3CC35-A86D-4E9D-A7DF-8BC1CADCE714}.Debug|Any CPU.ActiveCfg = Debug|Any CPU
		{BBA3CC35-A86D-4E9D-A7DF-8BC1CADCE714}.Debug|Any CPU.Build.0 = Debug|Any CPU
		{BBA3CC35-A86D-4E9D-A7DF-8BC1CADCE714}.Release|Any CPU.ActiveCfg = Release|Any CPU
		{BBA3CC35-A86D-4E9D-A7DF-8BC1CADCE714}.Release|Any CPU.Build.0 = Release|Any CPU
		{D38BBD89-9F9F-4D31-B832-7F6DDAC415BD}.Debug|Any CPU.ActiveCfg = Debug|Any CPU
		{D38BBD89-9F9F-4D31-B832-7F6DDAC415BD}.Debug|Any CPU.Build.0 = Debug|Any CPU
		{D38BBD89-9F9F-4D31-B832-7F6DDAC415BD}.Release|Any CPU.ActiveCfg = Release|Any CPU
		{D38BBD89-9F9F-4D31-B832-7F6DDAC415BD}.Release|Any CPU.Build.0 = Release|Any CPU
		{B49DAB79-9202-466F-B378-2892A9CAB00B}.Debug|Any CPU.ActiveCfg = Debug|Any CPU
		{B49DAB79-9202-466F-B378-2892A9CAB00B}.Debug|Any CPU.Build.0 = Debug|Any CPU
		{B49DAB79-9202-466F-B378-2892A9CAB00B}.Release|Any CPU.ActiveCfg = Release|Any CPU
		{B49DAB79-9202-466F-B378-2892A9CAB00B}.Release|Any CPU.Build.0 = Release|Any CPU
		{E0A0CCE7-2837-4F16-AAB6-8DB31E9B4EBA}.Debug|Any CPU.ActiveCfg = Debug|Any CPU
		{E0A0CCE7-2837-4F16-AAB6-8DB31E9B4EBA}.Debug|Any CPU.Build.0 = Debug|Any CPU
		{E0A0CCE7-2837-4F16-AAB6-8DB31E9B4EBA}.Release|Any CPU.ActiveCfg = Release|Any CPU
		{E0A0CCE7-2837-4F16-AAB6-8DB31E9B4EBA}.Release|Any CPU.Build.0 = Release|Any CPU
		{22DD5B28-F5E9-4966-8913-AF3E9FC379CD}.Debug|Any CPU.ActiveCfg = Debug|Any CPU
		{22DD5B28-F5E9-4966-8913-AF3E9FC379CD}.Debug|Any CPU.Build.0 = Debug|Any CPU
		{22DD5B28-F5E9-4966-8913-AF3E9FC379CD}.Release|Any CPU.ActiveCfg = Release|Any CPU
		{22DD5B28-F5E9-4966-8913-AF3E9FC379CD}.Release|Any CPU.Build.0 = Release|Any CPU
		{71085BEE-25A0-43C4-B4DF-08A1C62E5EE4}.Debug|Any CPU.ActiveCfg = Debug|Any CPU
		{71085BEE-25A0-43C4-B4DF-08A1C62E5EE4}.Debug|Any CPU.Build.0 = Debug|Any CPU
		{71085BEE-25A0-43C4-B4DF-08A1C62E5EE4}.Release|Any CPU.ActiveCfg = Release|Any CPU
		{71085BEE-25A0-43C4-B4DF-08A1C62E5EE4}.Release|Any CPU.Build.0 = Release|Any CPU
		{D7EA2764-7260-48C0-BCC8-44EEC5745845}.Debug|Any CPU.ActiveCfg = Debug|Any CPU
		{D7EA2764-7260-48C0-BCC8-44EEC5745845}.Debug|Any CPU.Build.0 = Debug|Any CPU
		{D7EA2764-7260-48C0-BCC8-44EEC5745845}.Release|Any CPU.ActiveCfg = Release|Any CPU
		{D7EA2764-7260-48C0-BCC8-44EEC5745845}.Release|Any CPU.Build.0 = Release|Any CPU
		{71D840FF-D703-4D9C-BDF4-1DCB70216F83}.Debug|Any CPU.ActiveCfg = Debug|Any CPU
		{71D840FF-D703-4D9C-BDF4-1DCB70216F83}.Debug|Any CPU.Build.0 = Debug|Any CPU
		{71D840FF-D703-4D9C-BDF4-1DCB70216F83}.Release|Any CPU.ActiveCfg = Release|Any CPU
		{71D840FF-D703-4D9C-BDF4-1DCB70216F83}.Release|Any CPU.Build.0 = Release|Any CPU
		{E89C0E96-A1E0-4AD7-904A-A66A250D3B40}.Debug|Any CPU.ActiveCfg = Debug|Any CPU
		{E89C0E96-A1E0-4AD7-904A-A66A250D3B40}.Debug|Any CPU.Build.0 = Debug|Any CPU
		{E89C0E96-A1E0-4AD7-904A-A66A250D3B40}.Release|Any CPU.ActiveCfg = Release|Any CPU
		{E89C0E96-A1E0-4AD7-904A-A66A250D3B40}.Release|Any CPU.Build.0 = Release|Any CPU
		{05654D48-3FDB-4557-807A-BA08E1078FB2}.Debug|Any CPU.ActiveCfg = Debug|Any CPU
		{05654D48-3FDB-4557-807A-BA08E1078FB2}.Debug|Any CPU.Build.0 = Debug|Any CPU
		{05654D48-3FDB-4557-807A-BA08E1078FB2}.Release|Any CPU.ActiveCfg = Release|Any CPU
		{05654D48-3FDB-4557-807A-BA08E1078FB2}.Release|Any CPU.Build.0 = Release|Any CPU
		{0B0F4252-51A8-4A5D-9969-9FBB37310FC0}.Debug|Any CPU.ActiveCfg = Debug|Any CPU
		{0B0F4252-51A8-4A5D-9969-9FBB37310FC0}.Debug|Any CPU.Build.0 = Debug|Any CPU
		{0B0F4252-51A8-4A5D-9969-9FBB37310FC0}.Release|Any CPU.ActiveCfg = Release|Any CPU
		{0B0F4252-51A8-4A5D-9969-9FBB37310FC0}.Release|Any CPU.Build.0 = Release|Any CPU
		{54083B04-D474-49AA-8385-F4EB1F09998D}.Debug|Any CPU.ActiveCfg = Debug|Any CPU
		{54083B04-D474-49AA-8385-F4EB1F09998D}.Debug|Any CPU.Build.0 = Debug|Any CPU
		{54083B04-D474-49AA-8385-F4EB1F09998D}.Release|Any CPU.ActiveCfg = Release|Any CPU
		{54083B04-D474-49AA-8385-F4EB1F09998D}.Release|Any CPU.Build.0 = Release|Any CPU
		{A84751D4-F825-4E7E-AF6A-A166370FE66A}.Debug|Any CPU.ActiveCfg = Debug|Any CPU
		{A84751D4-F825-4E7E-AF6A-A166370FE66A}.Debug|Any CPU.Build.0 = Debug|Any CPU
		{A84751D4-F825-4E7E-AF6A-A166370FE66A}.Release|Any CPU.ActiveCfg = Release|Any CPU
		{A84751D4-F825-4E7E-AF6A-A166370FE66A}.Release|Any CPU.Build.0 = Release|Any CPU
		{45F07B16-50AB-418B-AAC8-60C0FE0866E7}.Debug|Any CPU.ActiveCfg = Debug|Any CPU
		{45F07B16-50AB-418B-AAC8-60C0FE0866E7}.Debug|Any CPU.Build.0 = Debug|Any CPU
		{45F07B16-50AB-418B-AAC8-60C0FE0866E7}.Release|Any CPU.ActiveCfg = Release|Any CPU
		{45F07B16-50AB-418B-AAC8-60C0FE0866E7}.Release|Any CPU.Build.0 = Release|Any CPU
		{A0390464-A10E-4872-A427-6145B180C0C2}.Debug|Any CPU.ActiveCfg = Debug|Any CPU
		{A0390464-A10E-4872-A427-6145B180C0C2}.Debug|Any CPU.Build.0 = Debug|Any CPU
		{A0390464-A10E-4872-A427-6145B180C0C2}.Release|Any CPU.ActiveCfg = Release|Any CPU
		{A0390464-A10E-4872-A427-6145B180C0C2}.Release|Any CPU.Build.0 = Release|Any CPU
		{263D84D7-D11B-446D-B39A-0C2932625E3A}.Debug|Any CPU.ActiveCfg = Debug|Any CPU
		{263D84D7-D11B-446D-B39A-0C2932625E3A}.Debug|Any CPU.Build.0 = Debug|Any CPU
		{263D84D7-D11B-446D-B39A-0C2932625E3A}.Release|Any CPU.ActiveCfg = Release|Any CPU
		{263D84D7-D11B-446D-B39A-0C2932625E3A}.Release|Any CPU.Build.0 = Release|Any CPU
		{EF0A36C9-C0E4-4E13-A8EF-B9614650FD9F}.Debug|Any CPU.ActiveCfg = Debug|Any CPU
		{EF0A36C9-C0E4-4E13-A8EF-B9614650FD9F}.Debug|Any CPU.Build.0 = Debug|Any CPU
		{EF0A36C9-C0E4-4E13-A8EF-B9614650FD9F}.Release|Any CPU.ActiveCfg = Release|Any CPU
		{EF0A36C9-C0E4-4E13-A8EF-B9614650FD9F}.Release|Any CPU.Build.0 = Release|Any CPU
		{4D9EF1A7-0B5B-4072-94F6-800FB1B4E291}.Debug|Any CPU.ActiveCfg = Debug|Any CPU
		{4D9EF1A7-0B5B-4072-94F6-800FB1B4E291}.Debug|Any CPU.Build.0 = Debug|Any CPU
		{4D9EF1A7-0B5B-4072-94F6-800FB1B4E291}.Release|Any CPU.ActiveCfg = Release|Any CPU
		{4D9EF1A7-0B5B-4072-94F6-800FB1B4E291}.Release|Any CPU.Build.0 = Release|Any CPU
		{736CD8CA-2CDD-4487-AA50-2733A94B6737}.Debug|Any CPU.ActiveCfg = Debug|Any CPU
		{736CD8CA-2CDD-4487-AA50-2733A94B6737}.Debug|Any CPU.Build.0 = Debug|Any CPU
		{736CD8CA-2CDD-4487-AA50-2733A94B6737}.Release|Any CPU.ActiveCfg = Release|Any CPU
		{736CD8CA-2CDD-4487-AA50-2733A94B6737}.Release|Any CPU.Build.0 = Release|Any CPU
		{F66F3DBE-0619-4E7F-82DF-3295257F2917}.Debug|Any CPU.ActiveCfg = Debug|Any CPU
		{F66F3DBE-0619-4E7F-82DF-3295257F2917}.Debug|Any CPU.Build.0 = Debug|Any CPU
		{F66F3DBE-0619-4E7F-82DF-3295257F2917}.Release|Any CPU.ActiveCfg = Release|Any CPU
		{F66F3DBE-0619-4E7F-82DF-3295257F2917}.Release|Any CPU.Build.0 = Release|Any CPU
		{F8066103-820F-4C23-8F93-5EB8BF3AD2EE}.Debug|Any CPU.ActiveCfg = Debug|Any CPU
		{F8066103-820F-4C23-8F93-5EB8BF3AD2EE}.Debug|Any CPU.Build.0 = Debug|Any CPU
		{F8066103-820F-4C23-8F93-5EB8BF3AD2EE}.Release|Any CPU.ActiveCfg = Release|Any CPU
		{F8066103-820F-4C23-8F93-5EB8BF3AD2EE}.Release|Any CPU.Build.0 = Release|Any CPU
		{7068127A-4465-438A-9BB2-FDE6BB79E19A}.Debug|Any CPU.ActiveCfg = Debug|Any CPU
		{7068127A-4465-438A-9BB2-FDE6BB79E19A}.Debug|Any CPU.Build.0 = Debug|Any CPU
		{7068127A-4465-438A-9BB2-FDE6BB79E19A}.Release|Any CPU.ActiveCfg = Release|Any CPU
		{7068127A-4465-438A-9BB2-FDE6BB79E19A}.Release|Any CPU.Build.0 = Release|Any CPU
		{862871A9-B17D-405A-B423-E22FA3550636}.Debug|Any CPU.ActiveCfg = Debug|Any CPU
		{862871A9-B17D-405A-B423-E22FA3550636}.Debug|Any CPU.Build.0 = Debug|Any CPU
		{862871A9-B17D-405A-B423-E22FA3550636}.Release|Any CPU.ActiveCfg = Release|Any CPU
		{862871A9-B17D-405A-B423-E22FA3550636}.Release|Any CPU.Build.0 = Release|Any CPU
		{77E493A1-1C93-4B5C-AF52-66DBF26B6CE2}.Debug|Any CPU.ActiveCfg = Debug|Any CPU
		{77E493A1-1C93-4B5C-AF52-66DBF26B6CE2}.Debug|Any CPU.Build.0 = Debug|Any CPU
		{77E493A1-1C93-4B5C-AF52-66DBF26B6CE2}.Release|Any CPU.ActiveCfg = Release|Any CPU
		{77E493A1-1C93-4B5C-AF52-66DBF26B6CE2}.Release|Any CPU.Build.0 = Release|Any CPU
	EndGlobalSection
	GlobalSection(SolutionProperties) = preSolution
		HideSolutionNode = FALSE
	EndGlobalSection
	GlobalSection(ExtensibilityGlobals) = postSolution
		SolutionGuid = {47950A40-A737-4F04-9D7D-FE9F4F604B8D}
	EndGlobalSection
EndGlobal
